
Microsoft Visual Studio Solution File, Format Version 12.00
# Visual Studio Version 17
VisualStudioVersion = 17.2.32630.192
MinimumVisualStudioVersion = 10.0.40219.1
Project("{9A19103F-16F7-4668-BE54-9A1E7A4F7556}") = "AppFramework", "AppFramework\AppFramework.csproj", "{077C6939-A28E-4A9A-BAE2-687C0EAED1E5}"
EndProject
Project("{9A19103F-16F7-4668-BE54-9A1E7A4F7556}") = "EndPoint.Site", "EndPoint.Site\EndPoint.Site.csproj", "{01F7042A-5E85-408B-9EE0-90B96B1DD935}"
EndProject
Project("{9A19103F-16F7-4668-BE54-9A1E7A4F7556}") = "JI.ApplicationContracts", "JI.ApplicationContracts\JI.ApplicationContracts.csproj", "{F294666E-1A4A-492C-A997-620B3C8EC7BD}"
EndProject
Project("{9A19103F-16F7-4668-BE54-9A1E7A4F7556}") = "JI.ApplicationServices", "JI.ApplicationServices\JI.ApplicationServices.csproj", "{1F4E857A-949E-4CC7-AE42-D37C1585ADB7}"
EndProject
Project("{9A19103F-16F7-4668-BE54-9A1E7A4F7556}") = "JI.DAL", "JI.DAL\JI.DAL.csproj", "{CDFDD1FA-555C-4097-B105-6482798C1F4B}"
EndProject
Project("{9A19103F-16F7-4668-BE54-9A1E7A4F7556}") = "JI.Domain", "JI.Domain\JI.Domain.csproj", "{B8A84B90-F65B-43D8-BE15-8B6CBBA9A914}"
EndProject
Global
	GlobalSection(SolutionConfigurationPlatforms) = preSolution
		Debug|Any CPU = Debug|Any CPU
		Release|Any CPU = Release|Any CPU
	EndGlobalSection
	GlobalSection(ProjectConfigurationPlatforms) = postSolution
		{077C6939-A28E-4A9A-BAE2-687C0EAED1E5}.Debug|Any CPU.ActiveCfg = Debug|Any CPU
		{077C6939-A28E-4A9A-BAE2-687C0EAED1E5}.Debug|Any CPU.Build.0 = Debug|Any CPU
		{077C6939-A28E-4A9A-BAE2-687C0EAED1E5}.Release|Any CPU.ActiveCfg = Release|Any CPU
		{077C6939-A28E-4A9A-BAE2-687C0EAED1E5}.Release|Any CPU.Build.0 = Release|Any CPU
		{01F7042A-5E85-408B-9EE0-90B96B1DD935}.Debug|Any CPU.ActiveCfg = Debug|Any CPU
		{01F7042A-5E85-408B-9EE0-90B96B1DD935}.Debug|Any CPU.Build.0 = Debug|Any CPU
		{01F7042A-5E85-408B-9EE0-90B96B1DD935}.Release|Any CPU.ActiveCfg = Release|Any CPU
		{01F7042A-5E85-408B-9EE0-90B96B1DD935}.Release|Any CPU.Build.0 = Release|Any CPU
		{F294666E-1A4A-492C-A997-620B3C8EC7BD}.Debug|Any CPU.ActiveCfg = Debug|Any CPU
		{F294666E-1A4A-492C-A997-620B3C8EC7BD}.Debug|Any CPU.Build.0 = Debug|Any CPU
		{F294666E-1A4A-492C-A997-620B3C8EC7BD}.Release|Any CPU.ActiveCfg = Release|Any CPU
		{F294666E-1A4A-492C-A997-620B3C8EC7BD}.Release|Any CPU.Build.0 = Release|Any CPU
		{1F4E857A-949E-4CC7-AE42-D37C1585ADB7}.Debug|Any CPU.ActiveCfg = Debug|Any CPU
		{1F4E857A-949E-4CC7-AE42-D37C1585ADB7}.Debug|Any CPU.Build.0 = Debug|Any CPU
		{1F4E857A-949E-4CC7-AE42-D37C1585ADB7}.Release|Any CPU.ActiveCfg = Release|Any CPU
		{1F4E857A-949E-4CC7-AE42-D37C1585ADB7}.Release|Any CPU.Build.0 = Release|Any CPU
		{CDFDD1FA-555C-4097-B105-6482798C1F4B}.Debug|Any CPU.ActiveCfg = Debug|Any CPU
		{CDFDD1FA-555C-4097-B105-6482798C1F4B}.Debug|Any CPU.Build.0 = Debug|Any CPU
		{CDFDD1FA-555C-4097-B105-6482798C1F4B}.Release|Any CPU.ActiveCfg = Release|Any CPU
		{CDFDD1FA-555C-4097-B105-6482798C1F4B}.Release|Any CPU.Build.0 = Release|Any CPU
		{B8A84B90-F65B-43D8-BE15-8B6CBBA9A914}.Debug|Any CPU.ActiveCfg = Debug|Any CPU
		{B8A84B90-F65B-43D8-BE15-8B6CBBA9A914}.Debug|Any CPU.Build.0 = Debug|Any CPU
		{B8A84B90-F65B-43D8-BE15-8B6CBBA9A914}.Release|Any CPU.ActiveCfg = Release|Any CPU
		{B8A84B90-F65B-43D8-BE15-8B6CBBA9A914}.Release|Any CPU.Build.0 = Release|Any CPU
	EndGlobalSection
	GlobalSection(SolutionProperties) = preSolution
		HideSolutionNode = FALSE
	EndGlobalSection
	GlobalSection(ExtensibilityGlobals) = postSolution
		SolutionGuid = {5346BBF7-C5BB-4BFC-831B-663A7880B69B}
	EndGlobalSection
EndGlobal
